
Microsoft Visual Studio Solution File, Format Version 12.00
# Visual Studio Version 16
VisualStudioVersion = 25.0.1706.2
MinimumVisualStudioVersion = 10.0.40219.1
Project("{FAE04EC0-301F-11D3-BF4B-00C04F79EFBC}") = "VehicleTypes", "VehicleTypes\VehicleTypes.csproj", "{046137E3-486C-493A-A9D7-2B49C5F90D80}"
EndProject
Global
	GlobalSection(SolutionConfigurationPlatforms) = preSolution
		Debug|Any CPU = Debug|Any CPU
		Release|Any CPU = Release|Any CPU
	EndGlobalSection
	GlobalSection(ProjectConfigurationPlatforms) = postSolution
		{046137E3-486C-493A-A9D7-2B49C5F90D80}.Debug|Any CPU.ActiveCfg = Debug|Any CPU
		{046137E3-486C-493A-A9D7-2B49C5F90D80}.Debug|Any CPU.Build.0 = Debug|Any CPU
		{046137E3-486C-493A-A9D7-2B49C5F90D80}.Release|Any CPU.ActiveCfg = Release|Any CPU
		{046137E3-486C-493A-A9D7-2B49C5F90D80}.Release|Any CPU.Build.0 = Release|Any CPU
	EndGlobalSection
	GlobalSection(SolutionProperties) = preSolution
		HideSolutionNode = FALSE
	EndGlobalSection
	GlobalSection(ExtensibilityGlobals) = postSolution
		SolutionGuid = {C6E78305-78E5-4E18-ACFE-4EDF836737A0}
	EndGlobalSection
EndGlobal
